
Microsoft Visual Studio Solution File, Format Version 12.00
# Visual Studio Version 17
VisualStudioVersion = 17.9.34728.123
MinimumVisualStudioVersion = 10.0.40219.1
Project("{FAE04EC0-301F-11D3-BF4B-00C04F79EFBC}") = "name-sorter", "name-sorter\name-sorter.csproj", "{77F717C2-83F9-4B28-AFD0-358250233792}"
EndProject
Project("{FAE04EC0-301F-11D3-BF4B-00C04F79EFBC}") = "DataLayer", "DataLayer\DataLayer.csproj", "{C83E8A36-F3F2-4329-8FCF-39268EBC612C}"
EndProject
Project("{FAE04EC0-301F-11D3-BF4B-00C04F79EFBC}") = "LogicLayer", "LogicLayer\LogicLayer.csproj", "{0CD0F518-0F25-4B3D-AF7B-C52DBE9724BE}"
EndProject
Project("{FAE04EC0-301F-11D3-BF4B-00C04F79EFBC}") = "LogicLayer.Tests", "LogicLayer.Tests\LogicLayer.Tests.csproj", "{A80129A3-AC57-441A-9032-06131AB3ADA4}"
EndProject
Global
	GlobalSection(SolutionConfigurationPlatforms) = preSolution
		Debug|Any CPU = Debug|Any CPU
		Release|Any CPU = Release|Any CPU
	EndGlobalSection
	GlobalSection(ProjectConfigurationPlatforms) = postSolution
		{77F717C2-83F9-4B28-AFD0-358250233792}.Debug|Any CPU.ActiveCfg = Debug|Any CPU
		{77F717C2-83F9-4B28-AFD0-358250233792}.Debug|Any CPU.Build.0 = Debug|Any CPU
		{77F717C2-83F9-4B28-AFD0-358250233792}.Release|Any CPU.ActiveCfg = Release|Any CPU
		{77F717C2-83F9-4B28-AFD0-358250233792}.Release|Any CPU.Build.0 = Release|Any CPU
		{C83E8A36-F3F2-4329-8FCF-39268EBC612C}.Debug|Any CPU.ActiveCfg = Debug|Any CPU
		{C83E8A36-F3F2-4329-8FCF-39268EBC612C}.Debug|Any CPU.Build.0 = Debug|Any CPU
		{C83E8A36-F3F2-4329-8FCF-39268EBC612C}.Release|Any CPU.ActiveCfg = Release|Any CPU
		{C83E8A36-F3F2-4329-8FCF-39268EBC612C}.Release|Any CPU.Build.0 = Release|Any CPU
		{0CD0F518-0F25-4B3D-AF7B-C52DBE9724BE}.Debug|Any CPU.ActiveCfg = Debug|Any CPU
		{0CD0F518-0F25-4B3D-AF7B-C52DBE9724BE}.Debug|Any CPU.Build.0 = Debug|Any CPU
		{0CD0F518-0F25-4B3D-AF7B-C52DBE9724BE}.Release|Any CPU.ActiveCfg = Release|Any CPU
		{0CD0F518-0F25-4B3D-AF7B-C52DBE9724BE}.Release|Any CPU.Build.0 = Release|Any CPU
		{A80129A3-AC57-441A-9032-06131AB3ADA4}.Debug|Any CPU.ActiveCfg = Debug|Any CPU
		{A80129A3-AC57-441A-9032-06131AB3ADA4}.Debug|Any CPU.Build.0 = Debug|Any CPU
		{A80129A3-AC57-441A-9032-06131AB3ADA4}.Release|Any CPU.ActiveCfg = Release|Any CPU
		{A80129A3-AC57-441A-9032-06131AB3ADA4}.Release|Any CPU.Build.0 = Release|Any CPU
	EndGlobalSection
	GlobalSection(SolutionProperties) = preSolution
		HideSolutionNode = FALSE
	EndGlobalSection
	GlobalSection(ExtensibilityGlobals) = postSolution
		SolutionGuid = {15B343B2-7A68-4A17-9CB8-55094DD18DC9}
	EndGlobalSection
EndGlobal
